
Microsoft Visual Studio Solution File, Format Version 12.00
# Visual Studio Version 17
VisualStudioVersion = 17.10.35122.118
MinimumVisualStudioVersion = 10.0.40219.1
Project("{C9674DCB-5085-4A16-B785-4C70DD1589BD}") = "Adven SSSIS", "Adven SSSIS.dtproj", "{AF14D167-113A-4927-870E-18D36FA05E5F}"
EndProject
Global
	GlobalSection(SolutionConfigurationPlatforms) = preSolution
		Development|Default = Development|Default
	EndGlobalSection
	GlobalSection(ProjectConfigurationPlatforms) = postSolution
		{AF14D167-113A-4927-870E-18D36FA05E5F}.Development|Default.ActiveCfg = Development
		{AF14D167-113A-4927-870E-18D36FA05E5F}.Development|Default.Build.0 = Development
	EndGlobalSection
	GlobalSection(SolutionProperties) = preSolution
		HideSolutionNode = FALSE
	EndGlobalSection
	GlobalSection(ExtensibilityGlobals) = postSolution
		SolutionGuid = {94DE2A43-3B54-48C3-8087-5E298A959FC5}
	EndGlobalSection
EndGlobal
